# THIS IS AN AUTOGENERATED FILE. DO NOT EDIT THIS FILE DIRECTLY.
# yarn lockfile v1


"@apollo/react-common@^3.1.3":
  version "3.1.3"
  resolved "https://registry.yarnpkg.com/@apollo/react-common/-/react-common-3.1.3.tgz#ddc34f6403f55d47c0da147fd4756dfd7c73dac5"
  integrity sha512-Q7ZjDOeqjJf/AOGxUMdGxKF+JVClRXrYBGVq+SuVFqANRpd68MxtVV2OjCWavsFAN0eqYnRqRUrl7vtUCiJqeg==
  dependencies:
    ts-invariant "^0.4.4"
    tslib "^1.10.0"

"@apollo/react-components@^3.1.3":
  version "3.1.3"
  resolved "https://registry.yarnpkg.com/@apollo/react-components/-/react-components-3.1.3.tgz#8f6726847cd9b0eb4b22586b1a038d29aa8b1da4"
  integrity sha512-H0l2JKDQMz+LkM93QK7j3ThbNXkWQCduN3s3eKxFN3Rdg7rXsrikJWvx2wQ868jmqy0VhwJbS1vYdRLdh114uQ==
  dependencies:
    "@apollo/react-common" "^3.1.3"
    "@apollo/react-hooks" "^3.1.3"
    prop-types "^15.7.2"
    ts-invariant "^0.4.4"
    tslib "^1.10.0"

"@apollo/react-hoc@^3.1.3":
  version "3.1.3"
  resolved "https://registry.yarnpkg.com/@apollo/react-hoc/-/react-hoc-3.1.3.tgz#5742ee74f57611058f5ea1f966c38fc6429dda7b"
  integrity sha512-oCPma0uBVPTcYTR5sOvtMbpaWll4xDBvYfKr6YkDorUcQVeNzFu1LK1kmQjJP64bKsaziKYji5ibFaeCnVptmA==
  dependencies:
    "@apollo/react-common" "^3.1.3"
    "@apollo/react-components" "^3.1.3"
    hoist-non-react-statics "^3.3.0"
    ts-invariant "^0.4.4"
    tslib "^1.10.0"

"@apollo/react-hooks@^3.1.3":
  version "3.1.3"
  resolved "https://registry.yarnpkg.com/@apollo/react-hooks/-/react-hooks-3.1.3.tgz#ad42c7af78e81fee0f30e53242640410d5bd0293"
  integrity sha512-reIRO9xKdfi+B4gT/o/hnXuopUnm7WED/ru8VQydPw+C/KG/05Ssg1ZdxFKHa3oxwiTUIDnevtccIH35POanbA==
  dependencies:
    "@apollo/react-common" "^3.1.3"
    "@wry/equality" "^0.1.9"
    ts-invariant "^0.4.4"
    tslib "^1.10.0"

"@apollo/react-ssr@^3.1.3":
  version "3.1.3"
  resolved "https://registry.yarnpkg.com/@apollo/react-ssr/-/react-ssr-3.1.3.tgz#0791280d5b735f42f87dbfe849564e78843045bc"
  integrity sha512-fUTmEYHxSTX1GA43B8vICxXXplpcEBnDwn0IgdAc3eG0p2YK97ZrJDRFCJ5vD7fyDZsrYhMf+rAI3sd+H2SS+A==
  dependencies:
    "@apollo/react-common" "^3.1.3"
    "@apollo/react-hooks" "^3.1.3"
    tslib "^1.10.0"

"@formatjs/intl-displaynames@^1.2.1":
  version "1.2.1"
  resolved "https://registry.yarnpkg.com/@formatjs/intl-displaynames/-/intl-displaynames-1.2.1.tgz#7560fedc9bde5da15dfa13d4bd69f2e468fd08bb"
  integrity sha512-gAkRtcCbRrvNX8AhJ+PACWZyh6Txn7FXdoqgYSmfhEMD/O4qwsd6dYTVbuXOlhBzcNSYU4mCn1ov15nrcp4pxg==
  dependencies:
    "@formatjs/intl-utils" "^2.2.0"

"@formatjs/intl-listformat@^1.4.1":
  version "1.4.1"
  resolved "https://registry.yarnpkg.com/@formatjs/intl-listformat/-/intl-listformat-1.4.1.tgz#a467cc6857808f2eec78e5bdd0ae03b224e89d0c"
  integrity sha512-AX0o1y5xXyMY4ebZOO+UujMcDhniYDs50KpwGzjUPV+bBILwRYqH/6IprZZG/V8YSOtetZlalZiwzJ50dH6PuQ==
  dependencies:
    "@formatjs/intl-utils" "^2.2.0"

"@formatjs/intl-relativetimeformat@^4.5.9":
  version "4.5.9"
  resolved "https://registry.yarnpkg.com/@formatjs/intl-relativetimeformat/-/intl-relativetimeformat-4.5.9.tgz#d9b74724a7cbcb4edc9d751b2979195fab4d39cc"
  integrity sha512-6rgPXQl5MrPPbCuNiHxolzO6xNCHphCVEWW6RWGy7t/Mek70gD7nq1erW8fbQJ0XL/UeAC0Cz/+ggh7vaSsKNA==
  dependencies:
    "@formatjs/intl-utils" "^2.2.0"

"@formatjs/intl-unified-numberformat@^3.2.0":
  version "3.2.0"
  resolved "https://registry.yarnpkg.com/@formatjs/intl-unified-numberformat/-/intl-unified-numberformat-3.2.0.tgz#5197987e61ba0972889105e525f1cbe6d91cf46f"
  integrity sha512-SZMTV/tR0h7nYhS2x69S7zhHXaBmE0ZTR2OIiakt8W7uYWVgcRhu/LgUeVtGzpwPI2ChcOjNMtX/k6y1M9aDNA==
  dependencies:
    "@formatjs/intl-utils" "^2.2.0"

"@formatjs/intl-utils@^2.2.0":
  version "2.2.0"
  resolved "https://registry.yarnpkg.com/@formatjs/intl-utils/-/intl-utils-2.2.0.tgz#ba6e12fe64ff7fd160be392007c47d24b7ae5c75"
  integrity sha512-+Az7tR1av1DHZu9668D8uh9atT6vp+FFmEF8BrEssv0OqzpVjpVBGVmcgPzQP8k2PQjVlm/h2w8cTt0knn132w==

"@types/classnames@^2.2.7":
  version "2.2.9"
  resolved "https://registry.yarnpkg.com/@types/classnames/-/classnames-2.2.9.tgz#d868b6febb02666330410fe7f58f3c4b8258be7b"
  integrity sha512-MNl+rT5UmZeilaPxAVs6YaPC2m6aA8rofviZbhbxpPpl61uKodfdQVsBtgJGTqGizEf02oW3tsVe7FYB8kK14A==

"@types/hoist-non-react-statics@^3.3.1":
  version "3.3.1"
  resolved "https://registry.yarnpkg.com/@types/hoist-non-react-statics/-/hoist-non-react-statics-3.3.1.tgz#1124aafe5118cb591977aeb1ceaaed1070eb039f"
  integrity sha512-iMIqiko6ooLrTh1joXodJK5X9xeEALT1kM5G3ZLhD3hszxBdIEd5C75U834D9mLcINgD4OyZf5uQXjkuYydWvA==
  dependencies:
    "@types/react" "*"
    hoist-non-react-statics "^3.3.0"

"@types/invariant@^2.2.31":
  version "2.2.31"
  resolved "https://registry.yarnpkg.com/@types/invariant/-/invariant-2.2.31.tgz#4444c03004f215289dbca3856538434317dd28b2"
  integrity sha512-jMlgg9pIURvy9jgBHCjQp/CyBjYHUwj91etVcDdXkFl2CwTFiQlB+8tcsMeXpXf2PFE5X2pjk4Gm43hQSMHAdA==

"@types/jest-diff@*":
  version "20.0.1"
  resolved "https://registry.yarnpkg.com/@types/jest-diff/-/jest-diff-20.0.1.tgz#35cc15b9c4f30a18ef21852e255fdb02f6d59b89"
  integrity sha512-yALhelO3i0hqZwhjtcr6dYyaLoCHbAMshwtj6cGxTvHZAKXHsYGdff6E8EPw3xLKY0ELUTQ69Q1rQiJENnccMA==

"@types/jest@^24.0.18":
  version "24.0.18"
  resolved "https://registry.yarnpkg.com/@types/jest/-/jest-24.0.18.tgz#9c7858d450c59e2164a8a9df0905fc5091944498"
  integrity sha512-jcDDXdjTcrQzdN06+TSVsPPqxvsZA/5QkYfIZlq1JMw7FdP5AZylbOc+6B/cuDurctRe+MziUMtQ3xQdrbjqyQ==
  dependencies:
    "@types/jest-diff" "*"

"@types/node@^13.9.0":
  version "13.9.0"
  resolved "https://registry.yarnpkg.com/@types/node/-/node-13.9.0.tgz#5b6ee7a77faacddd7de719017d0bc12f52f81589"
  integrity sha512-0ARSQootUG1RljH2HncpsY2TJBfGQIKOOi7kxzUY6z54ePu/ZD+wJA8zI2Q6v8rol2qpG/rvqsReco8zNMPvhQ==

"@types/prop-types@*", "@types/prop-types@^15.7.0":
  version "15.7.1"
  resolved "https://registry.yarnpkg.com/@types/prop-types/-/prop-types-15.7.1.tgz#f1a11e7babb0c3cad68100be381d1e064c68f1f6"
  integrity sha512-CFzn9idOEpHrgdw8JsoTkaDDyRWk1jrzIV8djzcgpq0y9tG4B4lFT+Nxh52DVpDXV+n4+NPNv7M1Dj5uMp6XFg==

"@types/ramda@^0.26.5":
  version "0.26.19"
  resolved "https://registry.yarnpkg.com/@types/ramda/-/ramda-0.26.19.tgz#400580597566c016e9743f17c1c48bf4671cda81"
  integrity sha512-lJuMZDXqZ8W2hl0Gz+wEPUhXcf/tZRuaO5vrxFD3Dv2XMqgTZVw+bvfS6iQAsio9XQV+uhkggtT4eLhDmUpI5g==
  dependencies:
    ts-toolbelt "^3.2.22"

"@types/react-intl@^3.0.0":
  version "3.0.0"
  resolved "https://registry.yarnpkg.com/@types/react-intl/-/react-intl-3.0.0.tgz#a2cce0024b6cfe403be28ccf67f49d720fa810ec"
  integrity sha512-k8F3d05XQGEqSWIfK97bBjZe4z9RruXU9Wa7OZ2iUC5pdeIpzuQDZe/9C2J3Xir5//ZtAkhcv08Wfx3n5TBTQg==
  dependencies:
    react-intl "*"

"@types/react@*":
  version "16.9.23"
  resolved "https://registry.yarnpkg.com/@types/react/-/react-16.9.23.tgz#1a66c6d468ba11a8943ad958a8cb3e737568271c"
  integrity sha512-SsGVT4E7L2wLN3tPYLiF20hmZTPGuzaayVunfgXzUn1x4uHVsKH6QDJQ/TdpHqwsTLd4CwrmQ2vOgxN7gE24gw==
  dependencies:
    "@types/prop-types" "*"
    csstype "^2.2.0"

"@types/react@^16.9.2":
  version "16.9.2"
  resolved "https://registry.yarnpkg.com/@types/react/-/react-16.9.2.tgz#6d1765431a1ad1877979013906731aae373de268"
  integrity sha512-jYP2LWwlh+FTqGd9v7ynUKZzjj98T8x7Yclz479QdRhHfuW9yQ+0jjnD31eXSXutmBpppj5PYNLYLRfnZJvcfg==
  dependencies:
    "@types/prop-types" "*"
    csstype "^2.2.0"

"@types/zen-observable@^0.8.0":
  version "0.8.0"
  resolved "https://registry.yarnpkg.com/@types/zen-observable/-/zen-observable-0.8.0.tgz#8b63ab7f1aa5321248aad5ac890a485656dcea4d"
  integrity sha512-te5lMAWii1uEJ4FwLjzdlbw3+n0FZNOvFXHxQDKeT0dilh7HOzdMzV2TrJVUzq8ep7J4Na8OUYPRLSQkJHAlrg==

"@vtex/css-handles@^1.0.0":
  version "1.1.3"
  resolved "https://registry.yarnpkg.com/@vtex/css-handles/-/css-handles-1.1.3.tgz#30bd1010f2907443188738f74dd11d3b6b4ac624"
  integrity sha512-DkqnzMf5jW6lQ1L8wYb9fnXyh0FqZym8qEokGYjeLUqBLBAiVK8XbI4U0ezFswWTOJ3iHZUkUjqPt5WodxR29w==

"@wry/equality@^0.1.2", "@wry/equality@^0.1.9":
  version "0.1.9"
  resolved "https://registry.yarnpkg.com/@wry/equality/-/equality-0.1.9.tgz#b13e18b7a8053c6858aa6c85b54911fb31e3a909"
  integrity sha512-mB6ceGjpMGz1ZTza8HYnrPGos2mC6So4NhS1PtZ8s4Qt0K7fBiIGhpSxUbQmhwcSWE3no+bYxmI2OL6KuXYmoQ==
  dependencies:
    tslib "^1.9.3"

apollo-cache@1.3.2:
  version "1.3.2"
  resolved "https://registry.yarnpkg.com/apollo-cache/-/apollo-cache-1.3.2.tgz#df4dce56240d6c95c613510d7e409f7214e6d26a"
  integrity sha512-+KA685AV5ETEJfjZuviRTEImGA11uNBp/MJGnaCvkgr+BYRrGLruVKBv6WvyFod27WEB2sp7SsG8cNBKANhGLg==
  dependencies:
    apollo-utilities "^1.3.2"
    tslib "^1.9.3"

apollo-cache@^1.3.4:
  version "1.3.4"
  resolved "https://registry.yarnpkg.com/apollo-cache/-/apollo-cache-1.3.4.tgz#0c9f63c793e1cd6e34c450f7668e77aff58c9a42"
  integrity sha512-7X5aGbqaOWYG+SSkCzJNHTz2ZKDcyRwtmvW4mGVLRqdQs+HxfXS4dUS2CcwrAj449se6tZ6NLUMnjko4KMt3KA==
  dependencies:
    apollo-utilities "^1.3.3"
    tslib "^1.10.0"

apollo-client@^2.5.1:
  version "2.6.4"
  resolved "https://registry.yarnpkg.com/apollo-client/-/apollo-client-2.6.4.tgz#872c32927263a0d34655c5ef8a8949fbb20b6140"
  integrity sha512-oWOwEOxQ9neHHVZrQhHDbI6bIibp9SHgxaLRVPoGvOFy7OH5XUykZE7hBQAVxq99tQjBzgytaZffQkeWo1B4VQ==
  dependencies:
    "@types/zen-observable" "^0.8.0"
    apollo-cache "1.3.2"
    apollo-link "^1.0.0"
    apollo-utilities "1.3.2"
    symbol-observable "^1.0.2"
    ts-invariant "^0.4.0"
    tslib "^1.9.3"
    zen-observable "^0.8.0"

apollo-link@^1.0.0:
  version "1.2.12"
  resolved "https://registry.yarnpkg.com/apollo-link/-/apollo-link-1.2.12.tgz#014b514fba95f1945c38ad4c216f31bcfee68429"
  integrity sha512-fsgIAXPKThyMVEMWQsUN22AoQI+J/pVXcjRGAShtk97h7D8O+SPskFinCGEkxPeQpE83uKaqafB2IyWdjN+J3Q==
  dependencies:
    apollo-utilities "^1.3.0"
    ts-invariant "^0.4.0"
    tslib "^1.9.3"
    zen-observable-ts "^0.8.19"

apollo-link@^1.2.13:
  version "1.2.13"
  resolved "https://registry.yarnpkg.com/apollo-link/-/apollo-link-1.2.13.tgz#dff00fbf19dfcd90fddbc14b6a3f9a771acac6c4"
  integrity sha512-+iBMcYeevMm1JpYgwDEIDt/y0BB7VWyvlm/7x+TIPNLHCTCMgcEgDuW5kH86iQZWo0I7mNwQiTOz+/3ShPFmBw==
  dependencies:
    apollo-utilities "^1.3.0"
    ts-invariant "^0.4.0"
    tslib "^1.9.3"
    zen-observable-ts "^0.8.20"

apollo-utilities@1.3.2, apollo-utilities@^1.3.0, apollo-utilities@^1.3.2:
  version "1.3.2"
  resolved "https://registry.yarnpkg.com/apollo-utilities/-/apollo-utilities-1.3.2.tgz#8cbdcf8b012f664cd6cb5767f6130f5aed9115c9"
  integrity sha512-JWNHj8XChz7S4OZghV6yc9FNnzEXj285QYp/nLNh943iObycI5GTDO3NGR9Dth12LRrSFMeDOConPfPln+WGfg==
  dependencies:
    "@wry/equality" "^0.1.2"
    fast-json-stable-stringify "^2.0.0"
    ts-invariant "^0.4.0"
    tslib "^1.9.3"

apollo-utilities@^1.3.3:
  version "1.3.3"
  resolved "https://registry.yarnpkg.com/apollo-utilities/-/apollo-utilities-1.3.3.tgz#f1854715a7be80cd810bc3ac95df085815c0787c"
  integrity sha512-F14aX2R/fKNYMvhuP2t9GD9fggID7zp5I96MF5QeKYWDWTrkRdHRp4+SVfXUVN+cXOaB/IebfvRtzPf25CM0zw==
  dependencies:
    "@wry/equality" "^0.1.2"
    fast-json-stable-stringify "^2.0.0"
    ts-invariant "^0.4.0"
    tslib "^1.10.0"

attr-accept@^2.0.0:
  version "2.1.0"
  resolved "https://registry.yarnpkg.com/attr-accept/-/attr-accept-2.1.0.tgz#a231a854385d36ff7a99647bb77b33c8a5175aee"
  integrity sha512-sLzVM3zCCmmDtDNhI0i96k6PUztkotSOXqE4kDGQt/6iDi5M+H0srjeF+QC6jN581l4X/Zq3Zu/tgcErEssavg==

classnames@^2.2.6:
  version "2.2.6"
  resolved "https://registry.yarnpkg.com/classnames/-/classnames-2.2.6.tgz#43935bffdd291f326dad0a205309b38d00f650ce"
  integrity sha512-JR/iSQOSt+LQIWwrwEzJ9uk0xfN3mTVYMwt1Ir5mUcSN6pU+V4zQFFaJsclJbPuAUQH+yfWef6tm7l1quW3C8Q==

csstype@^2.2.0:
  version "2.6.6"
  resolved "https://registry.yarnpkg.com/csstype/-/csstype-2.6.6.tgz#c34f8226a94bbb10c32cc0d714afdf942291fc41"
  integrity sha512-RpFbQGUE74iyPgvr46U9t1xoQBM8T4BL8SxrN66Le2xYAPSaDJJKeztV3awugusb3g3G9iL8StmkBBXhcbbXhg==

fast-json-stable-stringify@^2.0.0:
  version "2.0.0"
  resolved "https://registry.yarnpkg.com/fast-json-stable-stringify/-/fast-json-stable-stringify-2.0.0.tgz#d5142c0caee6b1189f87d3a76111064f86c8bbf2"
  integrity sha1-1RQsDK7msRifh9OnYREGT4bIu/I=

file-selector@^0.1.12:
  version "0.1.12"
  resolved "https://registry.yarnpkg.com/file-selector/-/file-selector-0.1.12.tgz#fe726547be219a787a9dcc640575a04a032b1fd0"
  integrity sha512-Kx7RTzxyQipHuiqyZGf+Nz4vY9R1XGxuQl/hLoJwq+J4avk/9wxxgZyHKtbyIPJmbD4A66DWGYfyykWNpcYutQ==
  dependencies:
    tslib "^1.9.0"

graphql@^14.6.0:
  version "14.6.0"
  resolved "https://registry.yarnpkg.com/graphql/-/graphql-14.6.0.tgz#57822297111e874ea12f5cd4419616930cd83e49"
  integrity sha512-VKzfvHEKybTKjQVpTFrA5yUq2S9ihcZvfJAtsDBBCuV6wauPu1xl/f9ehgVf0FcEJJs4vz6ysb/ZMkGigQZseg==
  dependencies:
    iterall "^1.2.2"

hoist-non-react-statics@^3.3.0:
  version "3.3.0"
  resolved "https://registry.yarnpkg.com/hoist-non-react-statics/-/hoist-non-react-statics-3.3.0.tgz#b09178f0122184fb95acf525daaecb4d8f45958b"
  integrity sha512-0XsbTXxgiaCDYDIWFcwkmerZPSwywfUqYmwT4jzewKTQSWoE6FCMoUVOeBJWK3E/CrWbxRG3m5GzY4lnIwGRBA==
  dependencies:
    react-is "^16.7.0"

hoist-non-react-statics@^3.3.2:
  version "3.3.2"
  resolved "https://registry.yarnpkg.com/hoist-non-react-statics/-/hoist-non-react-statics-3.3.2.tgz#ece0acaf71d62c2969c2ec59feff42a4b1a85b45"
  integrity sha512-/gGivxi8JPKWNm/W0jSmzcMPpfpPLc3dY/6GxhX2hQ9iGj3aDfklV4ET7NjKpSinLpJ5vafa9iiGIEZg10SfBw==
  dependencies:
    react-is "^16.7.0"

intl-format-cache@^4.2.21:
  version "4.2.21"
  resolved "https://registry.yarnpkg.com/intl-format-cache/-/intl-format-cache-4.2.21.tgz#d8e0bdfc357448f48dc1ab44670dc64a19b24f51"
  integrity sha512-6pZlBdqTRUuuwRWywPItHY1JQwzQxWcpBHv6w4M8T6bGzAsiL/QmI+XsdOhsqJLaL4ZmTATn1kIkNlMk4VzSLQ==

intl-messageformat-parser@^4.1.0:
  version "4.1.0"
  resolved "https://registry.yarnpkg.com/intl-messageformat-parser/-/intl-messageformat-parser-4.1.0.tgz#a961385c99318eeaf7721faf9ac8a0f7fea8e391"
  integrity sha512-FhbRqxBGMifTpsWC0af2w1E0tksU9YzJnYqFJyPYVA5xTLY2pGHHAm/6aWGioDW9MI8p4nDrzJNwlweDq48i1Q==
  dependencies:
    "@formatjs/intl-unified-numberformat" "^3.2.0"

intl-messageformat@^8.2.1:
  version "8.2.1"
  resolved "https://registry.yarnpkg.com/intl-messageformat/-/intl-messageformat-8.2.1.tgz#11a539ad7ba815c511d8dafdda66e80fb2e5609d"
  integrity sha512-ErWE/TIefwVn/0dA3u1haLOpBxe8Gxc0fA4spT6e93eZks+KZiYnGJP/wMnjwxoBnKbBxg18P1nxwBMBQ25f1Q==
  dependencies:
    intl-format-cache "^4.2.21"
    intl-messageformat-parser "^4.1.0"

iterall@^1.2.2:
  version "1.3.0"
  resolved "https://registry.yarnpkg.com/iterall/-/iterall-1.3.0.tgz#afcb08492e2915cbd8a0884eb93a8c94d0d72fea"
  integrity sha512-QZ9qOMdF+QLHxy1QIpUHUU1D5pS2CG2P69LF6L6CPjPYA/XMOmKV3PZpawHoAjHNyB0swdVTRxdYT4tbBbxqwg==

"js-tokens@^3.0.0 || ^4.0.0":
  version "4.0.0"
  resolved "https://registry.yarnpkg.com/js-tokens/-/js-tokens-4.0.0.tgz#19203fb59991df98e3a287050d4647cdeaf32499"
  integrity sha512-RdJUflcE3cUzKiMqQgsCu06FPu9UdIJO0beYbPhHN4k6apgJtifcoCtT9bcxOpYBtpD2kCM6Sbzg4CausW/PKQ==

loose-envify@^1.1.0, loose-envify@^1.4.0:
  version "1.4.0"
  resolved "https://registry.yarnpkg.com/loose-envify/-/loose-envify-1.4.0.tgz#71ee51fa7be4caec1a63839f7e682d8132d30caf"
  integrity sha512-lyuxPGr/Wfhrlem2CL/UcnUc1zcqKAImBDzukY7Y5F/yQiNdko6+fRLevlw1HgMySw7f611UIY408EtxRSoK3Q==
  dependencies:
    js-tokens "^3.0.0 || ^4.0.0"

object-assign@^4.1.1:
  version "4.1.1"
  resolved "https://registry.yarnpkg.com/object-assign/-/object-assign-4.1.1.tgz#2109adc7965887cfc05cbbd442cac8bfbb360863"
  integrity sha1-IQmtx5ZYh8/AXLvUQsrIv7s2CGM=

prop-types@^15.6.2, prop-types@^15.7.2:
  version "15.7.2"
  resolved "https://registry.yarnpkg.com/prop-types/-/prop-types-15.7.2.tgz#52c41e75b8c87e72b9d9360e0206b99dcbffa6c5"
  integrity sha512-8QQikdH7//R2vurIJSutZ1smHYTcLpRWEOlHnzcWHmBYrOGUysKwSsrC89BCiFj3CbrfJ/nXFdJepOVrY1GCHQ==
  dependencies:
    loose-envify "^1.4.0"
    object-assign "^4.1.1"
    react-is "^16.8.1"

react-apollo@^3.1.3:
  version "3.1.3"
  resolved "https://registry.yarnpkg.com/react-apollo/-/react-apollo-3.1.3.tgz#5d8540b401bba36173b63e6c5e75fa561960c63e"
  integrity sha512-orCZNoAkgveaK5b75y7fw1MSqSHOU/Wuu9rRFOGmRQBSQVZjvV4DI+hj604rHmuN9+WDABxb5W48wTa0F/xNZQ==
  dependencies:
    "@apollo/react-common" "^3.1.3"
    "@apollo/react-components" "^3.1.3"
    "@apollo/react-hoc" "^3.1.3"
    "@apollo/react-hooks" "^3.1.3"
    "@apollo/react-ssr" "^3.1.3"

react-dom@^16.8.3:
  version "16.9.0"
  resolved "https://registry.yarnpkg.com/react-dom/-/react-dom-16.9.0.tgz#5e65527a5e26f22ae3701131bcccaee9fb0d3962"
  integrity sha512-YFT2rxO9hM70ewk9jq0y6sQk8cL02xm4+IzYBz75CQGlClQQ1Bxq0nhHF6OtSbit+AIahujJgb/CPRibFkMNJQ==
  dependencies:
    loose-envify "^1.1.0"
    object-assign "^4.1.1"
    prop-types "^15.6.2"
    scheduler "^0.15.0"

react-dropzone@^10.2.1:
  version "10.2.1"
  resolved "https://registry.yarnpkg.com/react-dropzone/-/react-dropzone-10.2.1.tgz#b7520124c4a3b66f96d49f7879027c7a475eaa20"
  integrity sha512-Me5nOu8hK9/Xyg5easpdfJ6SajwUquqYR/2YTdMotsCUgJ1pHIIwNsv0n+qcIno0tWR2V2rVQtj2r/hXYs2TnQ==
  dependencies:
    attr-accept "^2.0.0"
    file-selector "^0.1.12"
    prop-types "^15.7.2"

react-intl@*, react-intl@^4.1.1:
  version "4.1.1"
  resolved "https://registry.yarnpkg.com/react-intl/-/react-intl-4.1.1.tgz#f6e409f6fb114740d603db9fe35881252cd78944"
  integrity sha512-aQ3yzQJaLXALwBX1tV2Wllp2heNjDTfNJPbk2jX1Cc2mMI4O2DwI5A3BzqSvgTtiiaQN3jMYTYGQElWdNAZDwA==
  dependencies:
    "@formatjs/intl-displaynames" "^1.2.1"
    "@formatjs/intl-listformat" "^1.4.1"
    "@formatjs/intl-relativetimeformat" "^4.5.9"
    "@formatjs/intl-unified-numberformat" "^3.2.0"
    "@formatjs/intl-utils" "^2.2.0"
    "@types/hoist-non-react-statics" "^3.3.1"
    "@types/invariant" "^2.2.31"
    hoist-non-react-statics "^3.3.2"
    intl-format-cache "^4.2.21"
    intl-messageformat "^8.2.1"
    intl-messageformat-parser "^4.1.0"
    shallow-equal "^1.2.1"

react-is@^16.7.0, react-is@^16.8.1:
  version "16.9.0"
  resolved "https://registry.yarnpkg.com/react-is/-/react-is-16.9.0.tgz#21ca9561399aad0ff1a7701c01683e8ca981edcb"
  integrity sha512-tJBzzzIgnnRfEm046qRcURvwQnZVXmuCbscxUO5RWrGTXpon2d4c8mI0D8WE6ydVIm29JiLB6+RslkIvym9Rjw==

react@^16.8.3:
  version "16.9.0"
  resolved "https://registry.yarnpkg.com/react/-/react-16.9.0.tgz#40ba2f9af13bc1a38d75dbf2f4359a5185c4f7aa"
  integrity sha512-+7LQnFBwkiw+BobzOF6N//BdoNw0ouwmSJTEm9cglOOmsg/TMiFHZLe2sEoN5M7LgJTj9oHH0gxklfnQe66S1w==
  dependencies:
    loose-envify "^1.1.0"
    object-assign "^4.1.1"
    prop-types "^15.6.2"

scheduler@^0.15.0:
  version "0.15.0"
  resolved "https://registry.yarnpkg.com/scheduler/-/scheduler-0.15.0.tgz#6bfcf80ff850b280fed4aeecc6513bc0b4f17f8e"
  integrity sha512-xAefmSfN6jqAa7Kuq7LIJY0bwAPG3xlCj0HMEBQk1lxYiDKZscY2xJ5U/61ZTrYbmNQbXa+gc7czPkVo11tnCg==
  dependencies:
    loose-envify "^1.1.0"
    object-assign "^4.1.1"

shallow-equal@^1.2.1:
  version "1.2.1"
  resolved "https://registry.yarnpkg.com/shallow-equal/-/shallow-equal-1.2.1.tgz#4c16abfa56043aa20d050324efa68940b0da79da"
  integrity sha512-S4vJDjHHMBaiZuT9NPb616CSmLf618jawtv3sufLl6ivK8WocjAo58cXwbRV1cgqxH0Qbv+iUt6m05eqEa2IRA==

symbol-observable@^1.0.2:
  version "1.2.0"
  resolved "https://registry.yarnpkg.com/symbol-observable/-/symbol-observable-1.2.0.tgz#c22688aed4eab3cdc2dfeacbb561660560a00804"
  integrity sha512-e900nM8RRtGhlV36KGEU9k65K3mPb1WV70OdjfxlG2EAuM1noi/E/BaW/uMhL7bPEssK8QV57vN3esixjUvcXQ==

ts-invariant@^0.4.0, ts-invariant@^0.4.4:
  version "0.4.4"
  resolved "https://registry.yarnpkg.com/ts-invariant/-/ts-invariant-0.4.4.tgz#97a523518688f93aafad01b0e80eb803eb2abd86"
  integrity sha512-uEtWkFM/sdZvRNNDL3Ehu4WVpwaulhwQszV8mrtcdeE8nN00BV9mAmQ88RkrBhFgl9gMgvjJLAQcZbnPXI9mlA==
  dependencies:
    tslib "^1.9.3"

ts-toolbelt@^3.2.22:
  version "3.7.1"
  resolved "https://registry.yarnpkg.com/ts-toolbelt/-/ts-toolbelt-3.7.1.tgz#b52dbf625069d7ecc1120d6e2ba558152428998e"
  integrity sha512-rEIk3vYCAEQ1qvCvlYjfgNdAu5BIxRIcDSgJBEDsz5UR1/oKIJz7/I8yE8x1rPqs1o2A4deCuqVvuzdMk5JxiQ==

tslib@^1.10.0:
  version "1.11.1"
  resolved "https://registry.yarnpkg.com/tslib/-/tslib-1.11.1.tgz#eb15d128827fbee2841549e171f45ed338ac7e35"
  integrity sha512-aZW88SY8kQbU7gpV19lN24LtXh/yD4ZZg6qieAJDDg+YBsJcSmLGK9QpnUjAKVG/xefmvJGd1WUmfpT/g6AJGA==

tslib@^1.9.0, tslib@^1.9.3:
  version "1.10.0"
  resolved "https://registry.yarnpkg.com/tslib/-/tslib-1.10.0.tgz#c3c19f95973fb0a62973fb09d90d961ee43e5c8a"
  integrity sha512-qOebF53frne81cf0S9B41ByenJ3/IuH8yJKngAX35CmiZySA0khhkovshKK+jGCaMnVomla7gVlIcc3EvKPbTQ==

"vtex.address-form@http://vtex.vtexassets.com/_v/public/typings/v1/vtex.address-form@4.5.3/public/_types/react":
  version "0.0.0"
  resolved "http://vtex.vtexassets.com/_v/public/typings/v1/vtex.address-form@4.5.3/public/_types/react#fa7a0347e046eab3dd768998fc9252b2c0dd5aef"

"vtex.css-handles@http://vtex.vtexassets.com/_v/public/typings/v1/vtex.css-handles@0.4.2/public/@types/vtex.css-handles":
  version "0.4.2"
  resolved "http://vtex.vtexassets.com/_v/public/typings/v1/vtex.css-handles@0.4.2/public/@types/vtex.css-handles#62ee61d1bb9efdc919e5cf4bb44fabcf9050d255"

"vtex.product-context@http://vtex.vtexassets.com/_v/public/typings/v1/vtex.product-context@0.7.1/public/@types/vtex.product-context":
  version "0.7.1"
  resolved "http://vtex.vtexassets.com/_v/public/typings/v1/vtex.product-context@0.7.1/public/@types/vtex.product-context#2476a5831bdd066e4ce99e0a004480b0ee445007"

"vtex.render-runtime@http://vtex.vtexassets.com/_v/public/typings/v1/vtex.render-runtime@8.100.1/public/@types/vtex.render-runtime":
  version "8.100.1"
  resolved "http://vtex.vtexassets.com/_v/public/typings/v1/vtex.render-runtime@8.100.1/public/@types/vtex.render-runtime#7f972f369c3db71d406d49b1d91be461f177103f"

"vtex.store-components@http://vtex.vtexassets.com/_v/public/typings/v1/vtex.store-components@3.113.0/public/_types/react":
  version "0.0.0"
  resolved "http://vtex.vtexassets.com/_v/public/typings/v1/vtex.store-components@3.113.0/public/_types/react#fa7a0347e046eab3dd768998fc9252b2c0dd5aef"

"vtex.store-graphql@http://vtex.vtexassets.com/_v/public/typings/v1/vtex.store-graphql@2.122.0/public/@types/vtex.store-graphql":
  version "2.122.0"
  resolved "http://vtex.vtexassets.com/_v/public/typings/v1/vtex.store-graphql@2.122.0/public/@types/vtex.store-graphql#9bfa1a2159fcc7576a79d47f818eb77154c62c40"

"vtex.store@http://vtex.vtexassets.com/_v/public/typings/v1/vtex.store@2.95.4/public/@types/vtex.store":
  version "2.95.4"
  resolved "http://vtex.vtexassets.com/_v/public/typings/v1/vtex.store@2.95.4/public/@types/vtex.store#c43664f5c4d3af47befa4cf850669a400b9debf7"

"vtex.styleguide@http://vtex.vtexassets.com/_v/public/typings/v1/vtex.styleguide@9.114.0/public/@types/vtex.styleguide":
  version "9.114.0"
  resolved "http://vtex.vtexassets.com/_v/public/typings/v1/vtex.styleguide@9.114.0/public/@types/vtex.styleguide#815c82157b1bc2e68d1b80bf2f835db37a9927e5"

zen-observable-ts@^0.8.19:
  version "0.8.19"
  resolved "https://registry.yarnpkg.com/zen-observable-ts/-/zen-observable-ts-0.8.19.tgz#c094cd20e83ddb02a11144a6e2a89706946b5694"
  integrity sha512-u1a2rpE13G+jSzrg3aiCqXU5tN2kw41b+cBZGmnc+30YimdkKiDj9bTowcB41eL77/17RF/h+393AuVgShyheQ==
  dependencies:
    tslib "^1.9.3"
    zen-observable "^0.8.0"

zen-observable-ts@^0.8.20:
  version "0.8.20"
  resolved "https://registry.yarnpkg.com/zen-observable-ts/-/zen-observable-ts-0.8.20.tgz#44091e335d3fcbc97f6497e63e7f57d5b516b163"
  integrity sha512-2rkjiPALhOtRaDX6pWyNqK1fnP5KkJJybYebopNSn6wDG1lxBoFs2+nwwXKoA6glHIrtwrfBBy6da0stkKtTAA==
  dependencies:
    tslib "^1.9.3"
    zen-observable "^0.8.0"

zen-observable@^0.8.0:
  version "0.8.14"
  resolved "https://registry.yarnpkg.com/zen-observable/-/zen-observable-0.8.14.tgz#d33058359d335bc0db1f0af66158b32872af3bf7"
  integrity sha512-kQz39uonEjEESwh+qCi83kcC3rZJGh4mrZW7xjkSQYXkq//JZHTtKo+6yuVloTgMtzsIWOJrjIrKvk/dqm0L5g==
